
Microsoft Visual Studio Solution File, Format Version 12.00
# Visual Studio Version 17
VisualStudioVersion = 17.10.35122.118
MinimumVisualStudioVersion = 10.0.40219.1
Project("{2150E333-8FDC-42A3-9474-1A3956D46DE8}") = "Src", "Src", "{9845E043-0C01-4EAE-8D13-C2FC0E341311}"
EndProject
Project("{2150E333-8FDC-42A3-9474-1A3956D46DE8}") = "Presentation", "Presentation", "{7CA42E7C-0494-40CA-BE89-0011B4FFE0DB}"
EndProject
Global
	GlobalSection(SolutionProperties) = preSolution
		HideSolutionNode = FALSE
	EndGlobalSection
	GlobalSection(NestedProjects) = preSolution
		{7CA42E7C-0494-40CA-BE89-0011B4FFE0DB} = {9845E043-0C01-4EAE-8D13-C2FC0E341311}
	EndGlobalSection
	GlobalSection(ExtensibilityGlobals) = postSolution
		SolutionGuid = {5BFFD6DD-43FF-4D0D-8A24-3B85BBEF2D90}
	EndGlobalSection
EndGlobal
